# This file is automatically @generated by Cargo.
# It is not intended for manual editing.
version = 4

[[package]]
name = "either"
version = "1.17.0"
source = "registry+https://github.com/rust-lang/crates.io-index"
checksum = "9e5e8f6c15a24b9a3ee5efec809ccd006d3b30e8b3bb63c39af737c7f87daa1d"

[[package]]
name = "sample-rust"
version = "0.1.0"
dependencies = [
 "either",
 "smallvec",
]

[[package]]
name = "smallvec"
version = "1.6.0"
source = "registry+https://github.com/rust-lang/crates.io-index"
checksum = "1a55ca5f3b68e41c979bf8c46a6f1da892ca4db8f94023ce0bd32407573b1ac0"
